
Microsoft Visual Studio Solution File, Format Version 12.00
# Visual Studio 15
VisualStudioVersion = 15.0.28307.489
MinimumVisualStudioVersion = 10.0.40219.1
Project("{FAE04EC0-301F-11D3-BF4B-00C04F79EFBC}") = "KOBOLD.Android", "KOBOLD\KOBOLD.Android\KOBOLD.Android.csproj", "{3E52F083-4718-4F90-A676-ABCB18DAB90F}"
EndProject
Project("{FAE04EC0-301F-11D3-BF4B-00C04F79EFBC}") = "KOBOLD.iOS", "KOBOLD\KOBOLD.iOS\KOBOLD.iOS.csproj", "{2E82EF8C-CC40-4A80-AE75-69DABE2F9BF6}"
EndProject
Project("{FAE04EC0-301F-11D3-BF4B-00C04F79EFBC}") = "KOBOLD", "KOBOLD\KOBOLD\KOBOLD.csproj", "{E6965B97-9A7B-4CA1-B771-CFE4862250A0}"
EndProject
Global
	GlobalSection(SolutionConfigurationPlatforms) = preSolution
		Ad-Hoc|Any CPU = Ad-Hoc|Any CPU
		Ad-Hoc|iPhone = Ad-Hoc|iPhone
		Ad-Hoc|iPhoneSimulator = Ad-Hoc|iPhoneSimulator
		AppStore|Any CPU = AppStore|Any CPU
		AppStore|iPhone = AppStore|iPhone
		AppStore|iPhoneSimulator = AppStore|iPhoneSimulator
		Debug|Any CPU = Debug|Any CPU
		Debug|iPhone = Debug|iPhone
		Debug|iPhoneSimulator = Debug|iPhoneSimulator
		Release|Any CPU = Release|Any CPU
		Release|iPhone = Release|iPhone
		Release|iPhoneSimulator = Release|iPhoneSimulator
	EndGlobalSection
	GlobalSection(ProjectConfigurationPlatforms) = postSolution
		{3E52F083-4718-4F90-A676-ABCB18DAB90F}.Ad-Hoc|Any CPU.ActiveCfg = Release|Any CPU
		{3E52F083-4718-4F90-A676-ABCB18DAB90F}.Ad-Hoc|Any CPU.Build.0 = Release|Any CPU
		{3E52F083-4718-4F90-A676-ABCB18DAB90F}.Ad-Hoc|Any CPU.Deploy.0 = Release|Any CPU
		{3E52F083-4718-4F90-A676-ABCB18DAB90F}.Ad-Hoc|iPhone.ActiveCfg = Release|Any CPU
		{3E52F083-4718-4F90-A676-ABCB18DAB90F}.Ad-Hoc|iPhone.Build.0 = Release|Any CPU
		{3E52F083-4718-4F90-A676-ABCB18DAB90F}.Ad-Hoc|iPhone.Deploy.0 = Release|Any CPU
		{3E52F083-4718-4F90-A676-ABCB18DAB90F}.Ad-Hoc|iPhoneSimulator.ActiveCfg = Release|Any CPU
		{3E52F083-4718-4F90-A676-ABCB18DAB90F}.Ad-Hoc|iPhoneSimulator.Build.0 = Release|Any CPU
		{3E52F083-4718-4F90-A676-ABCB18DAB90F}.Ad-Hoc|iPhoneSimulator.Deploy.0 = Release|Any CPU
		{3E52F083-4718-4F90-A676-ABCB18DAB90F}.AppStore|Any CPU.ActiveCfg = Release|Any CPU
		{3E52F083-4718-4F90-A676-ABCB18DAB90F}.AppStore|Any CPU.Build.0 = Release|Any CPU
		{3E52F083-4718-4F90-A676-ABCB18DAB90F}.AppStore|Any CPU.Deploy.0 = Release|Any CPU
		{3E52F083-4718-4F90-A676-ABCB18DAB90F}.AppStore|iPhone.ActiveCfg = Release|Any CPU
		{3E52F083-4718-4F90-A676-ABCB18DAB90F}.AppStore|iPhone.Build.0 = Release|Any CPU
		{3E52F083-4718-4F90-A676-ABCB18DAB90F}.AppStore|iPhone.Deploy.0 = Release|Any CPU
		{3E52F083-4718-4F90-A676-ABCB18DAB90F}.AppStore|iPhoneSimulator.ActiveCfg = Release|Any CPU
		{3E52F083-4718-4F90-A676-ABCB18DAB90F}.AppStore|iPhoneSimulator.Build.0 = Release|Any CPU
		{3E52F083-4718-4F90-A676-ABCB18DAB90F}.AppStore|iPhoneSimulator.Deploy.0 = Release|Any CPU
		{3E52F083-4718-4F90-A676-ABCB18DAB90F}.Debug|Any CPU.ActiveCfg = Debug|Any CPU
		{3E52F083-4718-4F90-A676-ABCB18DAB90F}.Debug|Any CPU.Build.0 = Debug|Any CPU
		{3E52F083-4718-4F90-A676-ABCB18DAB90F}.Debug|Any CPU.Deploy.0 = Debug|Any CPU
		{3E52F083-4718-4F90-A676-ABCB18DAB90F}.Debug|iPhone.ActiveCfg = Debug|Any CPU
		{3E52F083-4718-4F90-A676-ABCB18DAB90F}.Debug|iPhone.Build.0 = Debug|Any CPU
		{3E52F083-4718-4F90-A676-ABCB18DAB90F}.Debug|iPhone.Deploy.0 = Debug|Any CPU
		{3E52F083-4718-4F90-A676-ABCB18DAB90F}.Debug|iPhoneSimulator.ActiveCfg = Debug|Any CPU
		{3E52F083-4718-4F90-A676-ABCB18DAB90F}.Debug|iPhoneSimulator.Build.0 = Debug|Any CPU
		{3E52F083-4718-4F90-A676-ABCB18DAB90F}.Debug|iPhoneSimulator.Deploy.0 = Debug|Any CPU
		{3E52F083-4718-4F90-A676-ABCB18DAB90F}.Release|Any CPU.ActiveCfg = Release|Any CPU
		{3E52F083-4718-4F90-A676-ABCB18DAB90F}.Release|Any CPU.Build.0 = Release|Any CPU
		{3E52F083-4718-4F90-A676-ABCB18DAB90F}.Release|Any CPU.Deploy.0 = Release|Any CPU
		{3E52F083-4718-4F90-A676-ABCB18DAB90F}.Release|iPhone.ActiveCfg = Release|Any CPU
		{3E52F083-4718-4F90-A676-ABCB18DAB90F}.Release|iPhone.Build.0 = Release|Any CPU
		{3E52F083-4718-4F90-A676-ABCB18DAB90F}.Release|iPhone.Deploy.0 = Release|Any CPU
		{3E52F083-4718-4F90-A676-ABCB18DAB90F}.Release|iPhoneSimulator.ActiveCfg = Release|Any CPU
		{3E52F083-4718-4F90-A676-ABCB18DAB90F}.Release|iPhoneSimulator.Build.0 = Release|Any CPU
		{3E52F083-4718-4F90-A676-ABCB18DAB90F}.Release|iPhoneSimulator.Deploy.0 = Release|Any CPU
		{2E82EF8C-CC40-4A80-AE75-69DABE2F9BF6}.Ad-Hoc|Any CPU.ActiveCfg = Ad-Hoc|iPhone
		{2E82EF8C-CC40-4A80-AE75-69DABE2F9BF6}.Ad-Hoc|Any CPU.Build.0 = Ad-Hoc|iPhone
		{2E82EF8C-CC40-4A80-AE75-69DABE2F9BF6}.Ad-Hoc|Any CPU.Deploy.0 = Ad-Hoc|iPhone
		{2E82EF8C-CC40-4A80-AE75-69DABE2F9BF6}.Ad-Hoc|iPhone.ActiveCfg = Ad-Hoc|iPhone
		{2E82EF8C-CC40-4A80-AE75-69DABE2F9BF6}.Ad-Hoc|iPhone.Build.0 = Ad-Hoc|iPhone
		{2E82EF8C-CC40-4A80-AE75-69DABE2F9BF6}.Ad-Hoc|iPhone.Deploy.0 = Ad-Hoc|iPhone
		{2E82EF8C-CC40-4A80-AE75-69DABE2F9BF6}.Ad-Hoc|iPhoneSimulator.ActiveCfg = Ad-Hoc|iPhoneSimulator
		{2E82EF8C-CC40-4A80-AE75-69DABE2F9BF6}.Ad-Hoc|iPhoneSimulator.Build.0 = Ad-Hoc|iPhoneSimulator
		{2E82EF8C-CC40-4A80-AE75-69DABE2F9BF6}.Ad-Hoc|iPhoneSimulator.Deploy.0 = Ad-Hoc|iPhoneSimulator
		{2E82EF8C-CC40-4A80-AE75-69DABE2F9BF6}.AppStore|Any CPU.ActiveCfg = AppStore|iPhone
		{2E82EF8C-CC40-4A80-AE75-69DABE2F9BF6}.AppStore|Any CPU.Build.0 = AppStore|iPhone
		{2E82EF8C-CC40-4A80-AE75-69DABE2F9BF6}.AppStore|Any CPU.Deploy.0 = AppStore|iPhone
		{2E82EF8C-CC40-4A80-AE75-69DABE2F9BF6}.AppStore|iPhone.ActiveCfg = AppStore|iPhone
		{2E82EF8C-CC40-4A80-AE75-69DABE2F9BF6}.AppStore|iPhone.Build.0 = AppStore|iPhone
		{2E82EF8C-CC40-4A80-AE75-69DABE2F9BF6}.AppStore|iPhone.Deploy.0 = AppStore|iPhone
		{2E82EF8C-CC40-4A80-AE75-69DABE2F9BF6}.AppStore|iPhoneSimulator.ActiveCfg = AppStore|iPhoneSimulator
		{2E82EF8C-CC40-4A80-AE75-69DABE2F9BF6}.AppStore|iPhoneSimulator.Build.0 = AppStore|iPhoneSimulator
		{2E82EF8C-CC40-4A80-AE75-69DABE2F9BF6}.AppStore|iPhoneSimulator.Deploy.0 = AppStore|iPhoneSimulator
		{2E82EF8C-CC40-4A80-AE75-69DABE2F9BF6}.Debug|Any CPU.ActiveCfg = Debug|iPhoneSimulator
		{2E82EF8C-CC40-4A80-AE75-69DABE2F9BF6}.Debug|Any CPU.Build.0 = Debug|iPhoneSimulator
		{2E82EF8C-CC40-4A80-AE75-69DABE2F9BF6}.Debug|Any CPU.Deploy.0 = Debug|iPhoneSimulator
		{2E82EF8C-CC40-4A80-AE75-69DABE2F9BF6}.Debug|iPhone.ActiveCfg = Debug|iPhone
		{2E82EF8C-CC40-4A80-AE75-69DABE2F9BF6}.Debug|iPhone.Build.0 = Debug|iPhone
		{2E82EF8C-CC40-4A80-AE75-69DABE2F9BF6}.Debug|iPhone.Deploy.0 = Debug|iPhone
		{2E82EF8C-CC40-4A80-AE75-69DABE2F9BF6}.Debug|iPhoneSimulator.ActiveCfg = Debug|iPhoneSimulator
		{2E82EF8C-CC40-4A80-AE75-69DABE2F9BF6}.Debug|iPhoneSimulator.Build.0 = Debug|iPhoneSimulator
		{2E82EF8C-CC40-4A80-AE75-69DABE2F9BF6}.Debug|iPhoneSimulator.Deploy.0 = Debug|iPhoneSimulator
		{2E82EF8C-CC40-4A80-AE75-69DABE2F9BF6}.Release|Any CPU.ActiveCfg = Release|iPhone
		{2E82EF8C-CC40-4A80-AE75-69DABE2F9BF6}.Release|Any CPU.Build.0 = Release|iPhone
		{2E82EF8C-CC40-4A80-AE75-69DABE2F9BF6}.Release|Any CPU.Deploy.0 = Release|iPhone
		{2E82EF8C-CC40-4A80-AE75-69DABE2F9BF6}.Release|iPhone.ActiveCfg = Release|iPhone
		{2E82EF8C-CC40-4A80-AE75-69DABE2F9BF6}.Release|iPhone.Build.0 = Release|iPhone
		{2E82EF8C-CC40-4A80-AE75-69DABE2F9BF6}.Release|iPhone.Deploy.0 = Release|iPhone
		{2E82EF8C-CC40-4A80-AE75-69DABE2F9BF6}.Release|iPhoneSimulator.ActiveCfg = Release|iPhoneSimulator
		{2E82EF8C-CC40-4A80-AE75-69DABE2F9BF6}.Release|iPhoneSimulator.Build.0 = Release|iPhoneSimulator
		{2E82EF8C-CC40-4A80-AE75-69DABE2F9BF6}.Release|iPhoneSimulator.Deploy.0 = Release|iPhoneSimulator
		{E6965B97-9A7B-4CA1-B771-CFE4862250A0}.Ad-Hoc|Any CPU.ActiveCfg = Debug|Any CPU
		{E6965B97-9A7B-4CA1-B771-CFE4862250A0}.Ad-Hoc|Any CPU.Build.0 = Debug|Any CPU
		{E6965B97-9A7B-4CA1-B771-CFE4862250A0}.Ad-Hoc|Any CPU.Deploy.0 = Debug|Any CPU
		{E6965B97-9A7B-4CA1-B771-CFE4862250A0}.Ad-Hoc|iPhone.ActiveCfg = Debug|Any CPU
		{E6965B97-9A7B-4CA1-B771-CFE4862250A0}.Ad-Hoc|iPhone.Build.0 = Debug|Any CPU
		{E6965B97-9A7B-4CA1-B771-CFE4862250A0}.Ad-Hoc|iPhone.Deploy.0 = Debug|Any CPU
		{E6965B97-9A7B-4CA1-B771-CFE4862250A0}.Ad-Hoc|iPhoneSimulator.ActiveCfg = Debug|Any CPU
		{E6965B97-9A7B-4CA1-B771-CFE4862250A0}.Ad-Hoc|iPhoneSimulator.Build.0 = Debug|Any CPU
		{E6965B97-9A7B-4CA1-B771-CFE4862250A0}.Ad-Hoc|iPhoneSimulator.Deploy.0 = Debug|Any CPU
		{E6965B97-9A7B-4CA1-B771-CFE4862250A0}.AppStore|Any CPU.ActiveCfg = Debug|Any CPU
		{E6965B97-9A7B-4CA1-B771-CFE4862250A0}.AppStore|Any CPU.Build.0 = Debug|Any CPU
		{E6965B97-9A7B-4CA1-B771-CFE4862250A0}.AppStore|Any CPU.Deploy.0 = Debug|Any CPU
		{E6965B97-9A7B-4CA1-B771-CFE4862250A0}.AppStore|iPhone.ActiveCfg = Debug|Any CPU
		{E6965B97-9A7B-4CA1-B771-CFE4862250A0}.AppStore|iPhone.Build.0 = Debug|Any CPU
		{E6965B97-9A7B-4CA1-B771-CFE4862250A0}.AppStore|iPhone.Deploy.0 = Debug|Any CPU
		{E6965B97-9A7B-4CA1-B771-CFE4862250A0}.AppStore|iPhoneSimulator.ActiveCfg = Debug|Any CPU
		{E6965B97-9A7B-4CA1-B771-CFE4862250A0}.AppStore|iPhoneSimulator.Build.0 = Debug|Any CPU
		{E6965B97-9A7B-4CA1-B771-CFE4862250A0}.AppStore|iPhoneSimulator.Deploy.0 = Debug|Any CPU
		{E6965B97-9A7B-4CA1-B771-CFE4862250A0}.Debug|Any CPU.ActiveCfg = Debug|Any CPU
		{E6965B97-9A7B-4CA1-B771-CFE4862250A0}.Debug|Any CPU.Build.0 = Debug|Any CPU
		{E6965B97-9A7B-4CA1-B771-CFE4862250A0}.Debug|Any CPU.Deploy.0 = Debug|Any CPU
		{E6965B97-9A7B-4CA1-B771-CFE4862250A0}.Debug|iPhone.ActiveCfg = Debug|Any CPU
		{E6965B97-9A7B-4CA1-B771-CFE4862250A0}.Debug|iPhone.Build.0 = Debug|Any CPU
		{E6965B97-9A7B-4CA1-B771-CFE4862250A0}.Debug|iPhone.Deploy.0 = Debug|Any CPU
		{E6965B97-9A7B-4CA1-B771-CFE4862250A0}.Debug|iPhoneSimulator.ActiveCfg = Debug|Any CPU
		{E6965B97-9A7B-4CA1-B771-CFE4862250A0}.Debug|iPhoneSimulator.Build.0 = Debug|Any CPU
		{E6965B97-9A7B-4CA1-B771-CFE4862250A0}.Debug|iPhoneSimulator.Deploy.0 = Debug|Any CPU
		{E6965B97-9A7B-4CA1-B771-CFE4862250A0}.Release|Any CPU.ActiveCfg = Release|Any CPU
		{E6965B97-9A7B-4CA1-B771-CFE4862250A0}.Release|Any CPU.Build.0 = Release|Any CPU
		{E6965B97-9A7B-4CA1-B771-CFE4862250A0}.Release|Any CPU.Deploy.0 = Release|Any CPU
		{E6965B97-9A7B-4CA1-B771-CFE4862250A0}.Release|iPhone.ActiveCfg = Release|Any CPU
		{E6965B97-9A7B-4CA1-B771-CFE4862250A0}.Release|iPhone.Build.0 = Release|Any CPU
		{E6965B97-9A7B-4CA1-B771-CFE4862250A0}.Release|iPhone.Deploy.0 = Release|Any CPU
		{E6965B97-9A7B-4CA1-B771-CFE4862250A0}.Release|iPhoneSimulator.ActiveCfg = Release|Any CPU
		{E6965B97-9A7B-4CA1-B771-CFE4862250A0}.Release|iPhoneSimulator.Build.0 = Release|Any CPU
		{E6965B97-9A7B-4CA1-B771-CFE4862250A0}.Release|iPhoneSimulator.Deploy.0 = Release|Any CPU
	EndGlobalSection
	GlobalSection(SolutionProperties) = preSolution
		HideSolutionNode = FALSE
	EndGlobalSection
	GlobalSection(ExtensibilityGlobals) = postSolution
		SolutionGuid = {FFB1D8F8-FDF5-475E-8D4C-8CB2C30DEFC2}
	EndGlobalSection
EndGlobal
